// !$*UTF8*$!
{
	archiveVersion = 1;
	classes = {
	};
	objectVersion = 51;
	objects = {

/* Begin PBXBuildFile section */
		720196B725235A4000590851 /* AktivitelerVC.swift in Sources */ = {isa = PBXBuildFile; fileRef = 720196B625235A4000590851 /* AktivitelerVC.swift */; };
		725CD3332524BC5E00B2F45F /* Aktivite.swift in Sources */ = {isa = PBXBuildFile; fileRef = 725CD3322524BC5E00B2F45F /* Aktivite.swift */; };
		7291A8FA25262BBD00C41103 /* OdemeListesiVC.swift in Sources */ = {isa = PBXBuildFile; fileRef = 7291A8F925262BBD00C41103 /* OdemeListesiVC.swift */; };
		72B94CE3252353F90046F4D3 /* AppDelegate.swift in Sources */ = {isa = PBXBuildFile; fileRef = 72B94CE2252353F90046F4D3 /* AppDelegate.swift */; };
		72B94CE5252353F90046F4D3 /* SceneDelegate.swift in Sources */ = {isa = PBXBuildFile; fileRef = 72B94CE4252353F90046F4D3 /* SceneDelegate.swift */; };
		72B94CEA252353F90046F4D3 /* Main.storyboard in Resources */ = {isa = PBXBuildFile; fileRef = 72B94CE8252353F90046F4D3 /* Main.storyboard */; };
		72B94CEC252353FA0046F4D3 /* Assets.xcassets in Resources */ = {isa = PBXBuildFile; fileRef = 72B94CEB252353FA0046F4D3 /* Assets.xcassets */; };
		72B94CEF252353FA0046F4D3 /* LaunchScreen.storyboard in Resources */ = {isa = PBXBuildFile; fileRef = 72B94CED252353FA0046F4D3 /* LaunchScreen.storyboard */; };
		72C923B3252733EE00C5AFD1 /* Kisi.swift in Sources */ = {isa = PBXBuildFile; fileRef = 72C923B2252733EE00C5AFD1 /* Kisi.swift */; };
		82C5A2D472EFE2DFE11F0FDA /* Pods_Paramiz.framework in Frameworks */ = {isa = PBXBuildFile; fileRef = 79A141B6BA9074EF38A6C586 /* Pods_Paramiz.framework */; };
/* End PBXBuildFile section */

/* Begin PBXFileReference section */
		720196B625235A4000590851 /* AktivitelerVC.swift */ = {isa = PBXFileReference; lastKnownFileType = sourcecode.swift; path = AktivitelerVC.swift; sourceTree = "<group>"; };
		725CD3322524BC5E00B2F45F /* Aktivite.swift */ = {isa = PBXFileReference; lastKnownFileType = sourcecode.swift; path = Aktivite.swift; sourceTree = "<group>"; };
		7291A8F925262BBD00C41103 /* OdemeListesiVC.swift */ = {isa = PBXFileReference; lastKnownFileType = sourcecode.swift; path = OdemeListesiVC.swift; sourceTree = "<group>"; };
		72B94CDF252353F90046F4D3 /* Paramiz.app */ = {isa = PBXFileReference; explicitFileType = wrapper.application; includeInIndex = 0; path = Paramiz.app; sourceTree = BUILT_PRODUCTS_DIR; };
		72B94CE2252353F90046F4D3 /* AppDelegate.swift */ = {isa = PBXFileReference; lastKnownFileType = sourcecode.swift; path = AppDelegate.swift; sourceTree = "<group>"; };
		72B94CE4252353F90046F4D3 /* SceneDelegate.swift */ = {isa = PBXFileReference; lastKnownFileType = sourcecode.swift; path = SceneDelegate.swift; sourceTree = "<group>"; };
		72B94CE9252353F90046F4D3 /* Base */ = {isa = PBXFileReference; lastKnownFileType = file.storyboard; name = Base; path = Base.lproj/Main.storyboard; sourceTree = "<group>"; };
		72B94CEB252353FA0046F4D3 /* Assets.xcassets */ = {isa = PBXFileReference; lastKnownFileType = folder.assetcatalog; path = Assets.xcassets; sourceTree = "<group>"; };
		72B94CEE252353FA0046F4D3 /* Base */ = {isa = PBXFileReference; lastKnownFileType = file.storyboard; name = Base; path = Base.lproj/LaunchScreen.storyboard; sourceTree = "<group>"; };
		72B94CF0252353FA0046F4D3 /* Info.plist */ = {isa = PBXFileReference; lastKnownFileType = text.plist.xml; path = Info.plist; sourceTree = "<group>"; };
		72C923B2252733EE00C5AFD1 /* Kisi.swift */ = {isa = PBXFileReference; lastKnownFileType = sourcecode.swift; path = Kisi.swift; sourceTree = "<group>"; };
		79A141B6BA9074EF38A6C586 /* Pods_Paramiz.framework */ = {isa = PBXFileReference; explicitFileType = wrapper.framework; includeInIndex = 0; path = Pods_Paramiz.framework; sourceTree = BUILT_PRODUCTS_DIR; };
		94B71AA51983DD4B061F5AB4 /* Pods-Paramiz.release.xcconfig */ = {isa = PBXFileReference; includeInIndex = 1; lastKnownFileType = text.xcconfig; name = "Pods-Paramiz.release.xcconfig"; path = "Target Support Files/Pods-Paramiz/Pods-Paramiz.release.xcconfig"; sourceTree = "<group>"; };
		A86C73C8DB1E4DDE6AF847AA /* Pods-Paramiz.debug.xcconfig */ = {isa = PBXFileReference; includeInIndex = 1; lastKnownFileType = text.xcconfig; name = "Pods-Paramiz.debug.xcconfig"; path = "Target Support Files/Pods-Paramiz/Pods-Paramiz.debug.xcconfig"; sourceTree = "<group>"; };
/* End PBXFileReference section */

/* Begin PBXFrameworksBuildPhase section */
		72B94CDC252353F90046F4D3 /* Frameworks */ = {
			isa = PBXFrameworksBuildPhase;
			buildActionMask = 2147483647;
			files = (
				82C5A2D472EFE2DFE11F0FDA /* Pods_Paramiz.framework in Frameworks */,
			);
			runOnlyForDeploymentPostprocessing = 0;
		};
/* End PBXFrameworksBuildPhase section */

/* Begin PBXGroup section */
		00F61259B1DA3A3D5AD74B6F /* Frameworks */ = {
			isa = PBXGroup;
			children = (
				79A141B6BA9074EF38A6C586 /* Pods_Paramiz.framework */,
			);
			name = Frameworks;
			sourceTree = "<group>";
		};
		31BEF9D03AC319FC30F0C96B /* Pods */ = {
			isa = PBXGroup;
			children = (
				A86C73C8DB1E4DDE6AF847AA /* Pods-Paramiz.debug.xcconfig */,
				94B71AA51983DD4B061F5AB4 /* Pods-Paramiz.release.xcconfig */,
			);
			path = Pods;
			sourceTree = "<group>";
		};
		72B94CD6252353F90046F4D3 = {
			isa = PBXGroup;
			children = (
				72B94CE1252353F90046F4D3 /* Paramiz */,
				72B94CE0252353F90046F4D3 /* Products */,
				31BEF9D03AC319FC30F0C96B /* Pods */,
				00F61259B1DA3A3D5AD74B6F /* Frameworks */,
			);
			sourceTree = "<group>";
		};
		72B94CE0252353F90046F4D3 /* Products */ = {
			isa = PBXGroup;
			children = (
				72B94CDF252353F90046F4D3 /* Paramiz.app */,
			);
			name = Products;
			sourceTree = "<group>";
		};
		72B94CE1252353F90046F4D3 /* Paramiz */ = {
			isa = PBXGroup;
			children = (
				72C923B1252733BA00C5AFD1 /* Model */,
				72C923B0252733AD00C5AFD1 /* View */,
				72C923AF2527339700C5AFD1 /* Controller */,
				72B94CE2252353F90046F4D3 /* AppDelegate.swift */,
				72B94CE4252353F90046F4D3 /* SceneDelegate.swift */,
				72B94CEB252353FA0046F4D3 /* Assets.xcassets */,
				72B94CED252353FA0046F4D3 /* LaunchScreen.storyboard */,
				72B94CF0252353FA0046F4D3 /* Info.plist */,
			);
			path = Paramiz;
			sourceTree = "<group>";
		};
		72C923AF2527339700C5AFD1 /* Controller */ = {
			isa = PBXGroup;
			children = (
				720196B625235A4000590851 /* AktivitelerVC.swift */,
				7291A8F925262BBD00C41103 /* OdemeListesiVC.swift */,
			);
			path = Controller;
			sourceTree = "<group>";
		};
		72C923B0252733AD00C5AFD1 /* View */ = {
			isa = PBXGroup;
			children = (
				72B94CE8252353F90046F4D3 /* Main.storyboard */,
			);
			path = View;
			sourceTree = "<group>";
		};
		72C923B1252733BA00C5AFD1 /* Model */ = {
			isa = PBXGroup;
			children = (
				725CD3322524BC5E00B2F45F /* Aktivite.swift */,
				72C923B2252733EE00C5AFD1 /* Kisi.swift */,
			);
			path = Model;
			sourceTree = "<group>";
		};
/* End PBXGroup section */

/* Begin PBXNativeTarget section */
		72B94CDE252353F90046F4D3 /* Paramiz */ = {
			isa = PBXNativeTarget;
			buildConfigurationList = 72B94CF3252353FA0046F4D3 /* Build configuration list for PBXNativeTarget "Paramiz" */;
			buildPhases = (
				2538E83BCA163250E991DA7C /* [CP] Check Pods Manifest.lock */,
				72B94CDB252353F90046F4D3 /* Sources */,
				72B94CDC252353F90046F4D3 /* Frameworks */,
				72B94CDD252353F90046F4D3 /* Resources */,
				5A21AA5759486C40E3767945 /* [CP] Embed Pods Frameworks */,
			);
			buildRules = (
			);
			dependencies = (
			);
			name = Paramiz;
			productName = Paramiz;
			productReference = 72B94CDF252353F90046F4D3 /* Paramiz.app */;
			productType = "com.apple.product-type.application";
		};
/* End PBXNativeTarget section */

/* Begin PBXProject section */
		72B94CD7252353F90046F4D3 /* Project object */ = {
			isa = PBXProject;
			attributes = {
				LastSwiftUpdateCheck = 1170;
				LastUpgradeCheck = 1170;
				ORGANIZATIONNAME = "Ahmet Acar";
				TargetAttributes = {
					72B94CDE252353F90046F4D3 = {
						CreatedOnToolsVersion = 11.7;
					};
				};
			};
			buildConfigurationList = 72B94CDA252353F90046F4D3 /* Build configuration list for PBXProject "Paramiz" */;
			compatibilityVersion = "Xcode 9.3";
			developmentRegion = en;
			hasScannedForEncodings = 0;
			knownRegions = (
				en,
				Base,
			);
			mainGroup = 72B94CD6252353F90046F4D3;
			productRefGroup = 72B94CE0252353F90046F4D3 /* Products */;
			projectDirPath = "";
			projectRoot = "";
			targets = (
				72B94CDE252353F90046F4D3 /* Paramiz */,
			);
		};
/* End PBXProject section */

/* Begin PBXResourcesBuildPhase section */
		72B94CDD252353F90046F4D3 /* Resources */ = {
			isa = PBXResourcesBuildPhase;
			buildActionMask = 2147483647;
			files = (
				72B94CEF252353FA0046F4D3 /* LaunchScreen.storyboard in Resources */,
				72B94CEC252353FA0046F4D3 /* Assets.xcassets in Resources */,
				72B94CEA252353F90046F4D3 /* Main.storyboard in Resources */,
			);
			runOnlyForDeploymentPostprocessing = 0;
		};
/* End PBXResourcesBuildPhase section */

/* Begin PBXShellScriptBuildPhase section */
		2538E83BCA163250E991DA7C /* [CP] Check Pods Manifest.lock */ = {
			isa = PBXShellScriptBuildPhase;
			buildActionMask = 2147483647;
			files = (
			);
			inputFileListPaths = (
			);
			inputPaths = (
				"${PODS_PODFILE_DIR_PATH}/Podfile.lock",
				"${PODS_ROOT}/Manifest.lock",
			);
			name = "[CP] Check Pods Manifest.lock";
			outputFileListPaths = (
			);
			outputPaths = (
				"$(DERIVED_FILE_DIR)/Pods-Paramiz-checkManifestLockResult.txt",
			);
			runOnlyForDeploymentPostprocessing = 0;
			shellPath = /bin/sh;
			shellScript = "diff \"${PODS_PODFILE_DIR_PATH}/Podfile.lock\" \"${PODS_ROOT}/Manifest.lock\" > /dev/null\nif [ $? != 0 ] ; then\n    # print error to STDERR\n    echo \"error: The sandbox is not in sync with the Podfile.lock. Run 'pod install' or update your CocoaPods installation.\" >&2\n    exit 1\nfi\n# This output is used by Xcode 'outputs' to avoid re-running this script phase.\necho \"SUCCESS\" > \"${SCRIPT_OUTPUT_FILE_0}\"\n";
			showEnvVarsInLog = 0;
		};
		5A21AA5759486C40E3767945 /* [CP] Embed Pods Frameworks */ = {
			isa = PBXShellScriptBuildPhase;
			buildActionMask = 2147483647;
			files = (
			);
			inputFileListPaths = (
				"${PODS_ROOT}/Target Support Files/Pods-Paramiz/Pods-Paramiz-frameworks-${CONFIGURATION}-input-files.xcfilelist",
			);
			name = "[CP] Embed Pods Frameworks";
			outputFileListPaths = (
				"${PODS_ROOT}/Target Support Files/Pods-Paramiz/Pods-Paramiz-frameworks-${CONFIGURATION}-output-files.xcfilelist",
			);
			runOnlyForDeploymentPostprocessing = 0;
			shellPath = /bin/sh;
			shellScript = "\"${PODS_ROOT}/Target Support Files/Pods-Paramiz/Pods-Paramiz-frameworks.sh\"\n";
			showEnvVarsInLog = 0;
		};
/* End PBXShellScriptBuildPhase section */

/* Begin PBXSourcesBuildPhase section */
		72B94CDB252353F90046F4D3 /* Sources */ = {
			isa = PBXSourcesBuildPhase;
			buildActionMask = 2147483647;
			files = (
				720196B725235A4000590851 /* AktivitelerVC.swift in Sources */,
				72B94CE3252353F90046F4D3 /* AppDelegate.swift in Sources */,
				725CD3332524BC5E00B2F45F /* Aktivite.swift in Sources */,
				7291A8FA25262BBD00C41103 /* OdemeListesiVC.swift in Sources */,
				72B94CE5252353F90046F4D3 /* SceneDelegate.swift in Sources */,
				72C923B3252733EE00C5AFD1 /* Kisi.swift in Sources */,
			);
			runOnlyForDeploymentPostprocessing = 0;
		};
/* End PBXSourcesBuildPhase section */

/* Begin PBXVariantGroup section */
		72B94CE8252353F90046F4D3 /* Main.storyboard */ = {
			isa = PBXVariantGroup;
			children = (
				72B94CE9252353F90046F4D3 /* Base */,
			);
			name = Main.storyboard;
			sourceTree = "<group>";
		};
		72B94CED252353FA0046F4D3 /* LaunchScreen.storyboard */ = {
			isa = PBXVariantGroup;
			children = (
				72B94CEE252353FA0046F4D3 /* Base */,
			);
			name = LaunchScreen.storyboard;
			sourceTree = "<group>";
		};
/* End PBXVariantGroup section */

/* Begin XCBuildConfiguration section */
		72B94CF1252353FA0046F4D3 /* Debug */ = {
			isa = XCBuildConfiguration;
			buildSettings = {
				ALWAYS_SEARCH_USER_PATHS = NO;
				CLANG_ANALYZER_NONNULL = YES;
				CLANG_ANALYZER_NUMBER_OBJECT_CONVERSION = YES_AGGRESSIVE;
				CLANG_CXX_LANGUAGE_STANDARD = "gnu++14";
				CLANG_CXX_LIBRARY = "libc++";
				CLANG_ENABLE_MODULES = YES;
				CLANG_ENABLE_OBJC_ARC = YES;
				CLANG_ENABLE_OBJC_WEAK = YES;
				CLANG_WARN_BLOCK_CAPTURE_AUTORELEASING = YES;
				CLANG_WARN_BOOL_CONVERSION = YES;
				CLANG_WARN_COMMA = YES;
				CLANG_WARN_CONSTANT_CONVERSION = YES;
				CLANG_WARN_DEPRECATED_OBJC_IMPLEMENTATIONS = YES;
				CLANG_WARN_DIRECT_OBJC_ISA_USAGE = YES_ERROR;
				CLANG_WARN_DOCUMENTATION_COMMENTS = YES;
				CLANG_WARN_EMPTY_BODY = YES;
				CLANG_WARN_ENUM_CONVERSION = YES;
				CLANG_WARN_INFINITE_RECURSION = YES;
				CLANG_WARN_INT_CONVERSION = YES;
				CLANG_WARN_NON_LITERAL_NULL_CONVERSION = YES;
				CLANG_WARN_OBJC_IMPLICIT_RETAIN_SELF = YES;
				CLANG_WARN_OBJC_LITERAL_CONVERSION = YES;
				CLANG_WARN_OBJC_ROOT_CLASS = YES_ERROR;
				CLANG_WARN_RANGE_LOOP_ANALYSIS = YES;
				CLANG_WARN_STRICT_PROTOTYPES = YES;
				CLANG_WARN_SUSPICIOUS_MOVE = YES;
				CLANG_WARN_UNGUARDED_AVAILABILITY = YES_AGGRESSIVE;
				CLANG_WARN_UNREACHABLE_CODE = YES;
				CLANG_WARN__DUPLICATE_METHOD_MATCH = YES;
				COPY_PHASE_STRIP = NO;
				DEBUG_INFORMATION_FORMAT = dwarf;
				ENABLE_STRICT_OBJC_MSGSEND = YES;
				ENABLE_TESTABILITY = YES;
				GCC_C_LANGUAGE_STANDARD = gnu11;
				GCC_DYNAMIC_NO_PIC = NO;
				GCC_NO_COMMON_BLOCKS = YES;
				GCC_OPTIMIZATION_LEVEL = 0;
				GCC_PREPROCESSOR_DEFINITIONS = (
					"DEBUG=1",
					"$(inherited)",
				);
				GCC_WARN_64_TO_32_BIT_CONVERSION = YES;
				GCC_WARN_ABOUT_RETURN_TYPE = YES_ERROR;
				GCC_WARN_UNDECLARED_SELECTOR = YES;
				GCC_WARN_UNINITIALIZED_AUTOS = YES_AGGRESSIVE;
				GCC_WARN_UNUSED_FUNCTION = YES;
				GCC_WARN_UNUSED_VARIABLE = YES;
				IPHONEOS_DEPLOYMENT_TARGET = 13.7;
				MTL_ENABLE_DEBUG_INFO = INCLUDE_SOURCE;
				MTL_FAST_MATH = YES;
				ONLY_ACTIVE_ARCH = YES;
				SDKROOT = iphoneos;
				SWIFT_ACTIVE_COMPILATION_CONDITIONS = DEBUG;
				SWIFT_OPTIMIZATION_LEVEL = "-Onone";
			};
			name = Debug;
		};
		72B94CF2252353FA0046F4D3 /* Release */ = {
			isa = XCBuildConfiguration;
			buildSettings = {
				ALWAYS_SEARCH_USER_PATHS = NO;
				CLANG_ANALYZER_NONNULL = YES;
				CLANG_ANALYZER_NUMBER_OBJECT_CONVERSION = YES_AGGRESSIVE;
				CLANG_CXX_LANGUAGE_STANDARD = "gnu++14";
				CLANG_CXX_LIBRARY = "libc++";
				CLANG_ENABLE_MODULES = YES;
				CLANG_ENABLE_OBJC_ARC = YES;
				CLANG_ENABLE_OBJC_WEAK = YES;
				CLANG_WARN_BLOCK_CAPTURE_AUTORELEASING = YES;
				CLANG_WARN_BOOL_CONVERSION = YES;
				CLANG_WARN_COMMA = YES;
				CLANG_WARN_CONSTANT_CONVERSION = YES;
				CLANG_WARN_DEPRECATED_OBJC_IMPLEMENTATIONS = YES;
				CLANG_WARN_DIRECT_OBJC_ISA_USAGE = YES_ERROR;
				CLANG_WARN_DOCUMENTATION_COMMENTS = YES;
				CLANG_WARN_EMPTY_BODY = YES;
				CLANG_WARN_ENUM_CONVERSION = YES;
				CLANG_WARN_INFINITE_RECURSION = YES;
				CLANG_WARN_INT_CONVERSION = YES;
				CLANG_WARN_NON_LITERAL_NULL_CONVERSION = YES;
				CLANG_WARN_OBJC_IMPLICIT_RETAIN_SELF = YES;
				CLANG_WARN_OBJC_LITERAL_CONVERSION = YES;
				CLANG_WARN_OBJC_ROOT_CLASS = YES_ERROR;
				CLANG_WARN_RANGE_LOOP_ANALYSIS = YES;
				CLANG_WARN_STRICT_PROTOTYPES = YES;
				CLANG_WARN_SUSPICIOUS_MOVE = YES;
				CLANG_WARN_UNGUARDED_AVAILABILITY = YES_AGGRESSIVE;
				CLANG_WARN_UNREACHABLE_CODE = YES;
				CLANG_WARN__DUPLICATE_METHOD_MATCH = YES;
				COPY_PHASE_STRIP = NO;
				DEBUG_INFORMATION_FORMAT = "dwarf-with-dsym";
				ENABLE_NS_ASSERTIONS = NO;
				ENABLE_STRICT_OBJC_MSGSEND = YES;
				GCC_C_LANGUAGE_STANDARD = gnu11;
				GCC_NO_COMMON_BLOCKS = YES;
				GCC_WARN_64_TO_32_BIT_CONVERSION = YES;
				GCC_WARN_ABOUT_RETURN_TYPE = YES_ERROR;
				GCC_WARN_UNDECLARED_SELECTOR = YES;
				GCC_WARN_UNINITIALIZED_AUTOS = YES_AGGRESSIVE;
				GCC_WARN_UNUSED_FUNCTION = YES;
				GCC_WARN_UNUSED_VARIABLE = YES;
				IPHONEOS_DEPLOYMENT_TARGET = 13.7;
				MTL_ENABLE_DEBUG_INFO = NO;
				MTL_FAST_MATH = YES;
				SDKROOT = iphoneos;
				SWIFT_COMPILATION_MODE = wholemodule;
				SWIFT_OPTIMIZATION_LEVEL = "-O";
				VALIDATE_PRODUCT = YES;
			};
			name = Release;
		};
		72B94CF4252353FA0046F4D3 /* Debug */ = {
			isa = XCBuildConfiguration;
			baseConfigurationReference = A86C73C8DB1E4DDE6AF847AA /* Pods-Paramiz.debug.xcconfig */;
			buildSettings = {
				ASSETCATALOG_COMPILER_APPICON_NAME = AppIcon;
				CODE_SIGN_STYLE = Automatic;
				DEVELOPMENT_TEAM = K5SV4NGHT7;
				INFOPLIST_FILE = Paramiz/Info.plist;
				LD_RUNPATH_SEARCH_PATHS = (
					"$(inherited)",
					"@executable_path/Frameworks",
				);
				PRODUCT_BUNDLE_IDENTIFIER = ahmetacar.com.Paramiz;
				PRODUCT_NAME = "$(TARGET_NAME)";
				SWIFT_VERSION = 5.0;
				TARGETED_DEVICE_FAMILY = "1,2";
			};
			name = Debug;
		};
		72B94CF5252353FA0046F4D3 /* Release */ = {
			isa = XCBuildConfiguration;
			baseConfigurationReference = 94B71AA51983DD4B061F5AB4 /* Pods-Paramiz.release.xcconfig */;
			buildSettings = {
				ASSETCATALOG_COMPILER_APPICON_NAME = AppIcon;
				CODE_SIGN_STYLE = Automatic;
				DEVELOPMENT_TEAM = K5SV4NGHT7;
				INFOPLIST_FILE = Paramiz/Info.plist;
				LD_RUNPATH_SEARCH_PATHS = (
					"$(inherited)",
					"@executable_path/Frameworks",
				);
				PRODUCT_BUNDLE_IDENTIFIER = ahmetacar.com.Paramiz;
				PRODUCT_NAME = "$(TARGET_NAME)";
				SWIFT_VERSION = 5.0;
				TARGETED_DEVICE_FAMILY = "1,2";
			};
			name = Release;
		};
/* End XCBuildConfiguration section */

/* Begin XCConfigurationList section */
		72B94CDA252353F90046F4D3 /* Build configuration list for PBXProject "Paramiz" */ = {
			isa = XCConfigurationList;
			buildConfigurations = (
				72B94CF1252353FA0046F4D3 /* Debug */,
				72B94CF2252353FA0046F4D3 /* Release */,
			);
			defaultConfigurationIsVisible = 0;
			defaultConfigurationName = Release;
		};
		72B94CF3252353FA0046F4D3 /* Build configuration list for PBXNativeTarget "Paramiz" */ = {
			isa = XCConfigurationList;
			buildConfigurations = (
				72B94CF4252353FA0046F4D3 /* Debug */,
				72B94CF5252353FA0046F4D3 /* Release */,
			);
			defaultConfigurationIsVisible = 0;
			defaultConfigurationName = Release;
		};
/* End XCConfigurationList section */
	};
	rootObject = 72B94CD7252353F90046F4D3 /* Project object */;
}
